
Microsoft Visual Studio Solution File, Format Version 12.00
# Visual Studio Version 17
VisualStudioVersion = 17.6.33815.320
MinimumVisualStudioVersion = 10.0.40219.1
Project("{FAE04EC0-301F-11D3-BF4B-00C04F79EFBC}") = "010_ADONET", "010_ADONET\010_ADONET.csproj", "{08BB0963-E282-40B5-BCD0-4BA1251F4A34}"
EndProject
Project("{FAE04EC0-301F-11D3-BF4B-00C04F79EFBC}") = "020_adonet_disconnected", "020_adonet_disconnected\020_adonet_disconnected.csproj", "{5BCC567E-26C5-4706-B4E4-ED36343739C9}"
EndProject
Project("{FAE04EC0-301F-11D3-BF4B-00C04F79EFBC}") = "030_AdoNet", "030_AdoNet\030_AdoNet.csproj", "{1FE89730-978C-4A80-BEDE-0B577212A07B}"
EndProject
Project("{FAE04EC0-301F-11D3-BF4B-00C04F79EFBC}") = "Kraker.DAL", "Kraker.DAL\Kraker.DAL.csproj", "{8D5B4643-0F47-4B35-8451-780E6279F6B7}"
EndProject
Project("{FAE04EC0-301F-11D3-BF4B-00C04F79EFBC}") = "040_KrakerApp", "040_KrakerApp\040_KrakerApp.csproj", "{362282CC-EACE-4C6C-9F0D-D618F03BA33A}"
EndProject
Global
	GlobalSection(SolutionConfigurationPlatforms) = preSolution
		Debug|Any CPU = Debug|Any CPU
		Release|Any CPU = Release|Any CPU
	EndGlobalSection
	GlobalSection(ProjectConfigurationPlatforms) = postSolution
		{08BB0963-E282-40B5-BCD0-4BA1251F4A34}.Debug|Any CPU.ActiveCfg = Debug|Any CPU
		{08BB0963-E282-40B5-BCD0-4BA1251F4A34}.Debug|Any CPU.Build.0 = Debug|Any CPU
		{08BB0963-E282-40B5-BCD0-4BA1251F4A34}.Release|Any CPU.ActiveCfg = Release|Any CPU
		{08BB0963-E282-40B5-BCD0-4BA1251F4A34}.Release|Any CPU.Build.0 = Release|Any CPU
		{5BCC567E-26C5-4706-B4E4-ED36343739C9}.Debug|Any CPU.ActiveCfg = Debug|Any CPU
		{5BCC567E-26C5-4706-B4E4-ED36343739C9}.Debug|Any CPU.Build.0 = Debug|Any CPU
		{5BCC567E-26C5-4706-B4E4-ED36343739C9}.Release|Any CPU.ActiveCfg = Release|Any CPU
		{5BCC567E-26C5-4706-B4E4-ED36343739C9}.Release|Any CPU.Build.0 = Release|Any CPU
		{1FE89730-978C-4A80-BEDE-0B577212A07B}.Debug|Any CPU.ActiveCfg = Debug|Any CPU
		{1FE89730-978C-4A80-BEDE-0B577212A07B}.Debug|Any CPU.Build.0 = Debug|Any CPU
		{1FE89730-978C-4A80-BEDE-0B577212A07B}.Release|Any CPU.ActiveCfg = Release|Any CPU
		{1FE89730-978C-4A80-BEDE-0B577212A07B}.Release|Any CPU.Build.0 = Release|Any CPU
		{8D5B4643-0F47-4B35-8451-780E6279F6B7}.Debug|Any CPU.ActiveCfg = Debug|Any CPU
		{8D5B4643-0F47-4B35-8451-780E6279F6B7}.Debug|Any CPU.Build.0 = Debug|Any CPU
		{8D5B4643-0F47-4B35-8451-780E6279F6B7}.Release|Any CPU.ActiveCfg = Release|Any CPU
		{8D5B4643-0F47-4B35-8451-780E6279F6B7}.Release|Any CPU.Build.0 = Release|Any CPU
		{362282CC-EACE-4C6C-9F0D-D618F03BA33A}.Debug|Any CPU.ActiveCfg = Debug|Any CPU
		{362282CC-EACE-4C6C-9F0D-D618F03BA33A}.Debug|Any CPU.Build.0 = Debug|Any CPU
		{362282CC-EACE-4C6C-9F0D-D618F03BA33A}.Release|Any CPU.ActiveCfg = Release|Any CPU
		{362282CC-EACE-4C6C-9F0D-D618F03BA33A}.Release|Any CPU.Build.0 = Release|Any CPU
	EndGlobalSection
	GlobalSection(SolutionProperties) = preSolution
		HideSolutionNode = FALSE
	EndGlobalSection
	GlobalSection(ExtensibilityGlobals) = postSolution
		SolutionGuid = {E5CEA467-431A-4518-8C8D-D6CF4A997836}
	EndGlobalSection
EndGlobal
